
Microsoft Visual Studio Solution File, Format Version 12.00
# Visual Studio Version 17
VisualStudioVersion = 17.5.33424.131
MinimumVisualStudioVersion = 10.0.40219.1
Project("{9A19103F-16F7-4668-BE54-9A1E7A4F7556}") = "AtleX.HaveIBeenPwned", "AtleX.HaveIBeenPwned\AtleX.HaveIBeenPwned.csproj", "{6C223A27-A0EF-4AA2-940A-E354F69503C6}"
EndProject
Project("{9A19103F-16F7-4668-BE54-9A1E7A4F7556}") = "AtleX.HaveIBeenPwned.Tests", "AtleX.HaveIBeenPwned.Tests\AtleX.HaveIBeenPwned.Tests.csproj", "{0A2C1D15-584E-4764-A3A8-71594C2CF5E6}"
EndProject
Project("{9A19103F-16F7-4668-BE54-9A1E7A4F7556}") = "AtleX.HaveIBeenPwned.IntegrationTests", "AtleX.HaveIBeenPwned.IntegrationTests\AtleX.HaveIBeenPwned.IntegrationTests.csproj", "{ABCCA5E7-01DC-491C-BAD4-31ED0C8CEBB5}"
EndProject
Project("{9A19103F-16F7-4668-BE54-9A1E7A4F7556}") = "AtleX.HaveIBeenPwned.Benchmarks", "AtleX.HaveIBeenPwned.Benchmarks\AtleX.HaveIBeenPwned.Benchmarks.csproj", "{8D818A95-C16B-432F-B138-FC228267E6AF}"
EndProject
Project("{9A19103F-16F7-4668-BE54-9A1E7A4F7556}") = "AtleX.HaveIBeenPwned.TrimTest", "AtleX.HaveIBeenPwned.TrimTest\AtleX.HaveIBeenPwned.TrimTest.csproj", "{E7AFADD5-192F-43CD-85E0-710F17EB26D8}"
EndProject
Project("{2150E333-8FDC-42A3-9474-1A3956D46DE8}") = "build", "build", "{E171587D-85A8-4FBF-9960-55EADDB655BD}"
	ProjectSection(SolutionItems) = preProject
		nuget.config = nuget.config
	EndProjectSection
EndProject
Project("{2150E333-8FDC-42A3-9474-1A3956D46DE8}") = "build-templates", "build-templates", "{C2AE4033-90E0-4020-9A00-AE0418E00789}"
	ProjectSection(SolutionItems) = preProject
		..\azure-pipelines.yml = ..\azure-pipelines.yml
	EndProjectSection
EndProject
Project("{2150E333-8FDC-42A3-9474-1A3956D46DE8}") = "jobs", "jobs", "{D0AE296B-F275-4ED5-B9B6-7F459E6B9752}"
	ProjectSection(SolutionItems) = preProject
		..\build-templates\build-package.job.yml = ..\build-templates\build-package.job.yml
	EndProjectSection
EndProject
Project("{2150E333-8FDC-42A3-9474-1A3956D46DE8}") = "steps", "steps", "{3882680D-21C4-49F9-9DE2-D575205AF766}"
	ProjectSection(SolutionItems) = preProject
		..\build-templates\build-solution.steps.yml = ..\build-templates\build-solution.steps.yml
		..\build-templates\publish-nuget-package-artifacts.steps.yml = ..\build-templates\publish-nuget-package-artifacts.steps.yml
		..\build-templates\run-xunit-integration-tests.steps.yml = ..\build-templates\run-xunit-integration-tests.steps.yml
		..\build-templates\run-xunit-unit-tests.steps.yml = ..\build-templates\run-xunit-unit-tests.steps.yml
	EndProjectSection
EndProject
Project("{2150E333-8FDC-42A3-9474-1A3956D46DE8}") = "Readme", "Readme", "{F96E4137-74D3-4AEF-86CA-661BD5E2C817}"
	ProjectSection(SolutionItems) = preProject
		..\readme.md = ..\readme.md
	EndProjectSection
EndProject
Project("{2150E333-8FDC-42A3-9474-1A3956D46DE8}") = "misc", "misc", "{739C3F8B-1FF9-4404-B344-F2709E4EADE8}"
	ProjectSection(SolutionItems) = preProject
		..\.editorconfig = ..\.editorconfig
		Directory.Build.props = Directory.Build.props
		Directory.Packages.props = Directory.Packages.props
	EndProjectSection
EndProject
Global
	GlobalSection(SolutionConfigurationPlatforms) = preSolution
		Debug|Any CPU = Debug|Any CPU
		Release|Any CPU = Release|Any CPU
	EndGlobalSection
	GlobalSection(ProjectConfigurationPlatforms) = postSolution
		{6C223A27-A0EF-4AA2-940A-E354F69503C6}.Debug|Any CPU.ActiveCfg = Debug|Any CPU
		{6C223A27-A0EF-4AA2-940A-E354F69503C6}.Debug|Any CPU.Build.0 = Debug|Any CPU
		{6C223A27-A0EF-4AA2-940A-E354F69503C6}.Release|Any CPU.ActiveCfg = Release|Any CPU
		{6C223A27-A0EF-4AA2-940A-E354F69503C6}.Release|Any CPU.Build.0 = Release|Any CPU
		{0A2C1D15-584E-4764-A3A8-71594C2CF5E6}.Debug|Any CPU.ActiveCfg = Debug|Any CPU
		{0A2C1D15-584E-4764-A3A8-71594C2CF5E6}.Debug|Any CPU.Build.0 = Debug|Any CPU
		{0A2C1D15-584E-4764-A3A8-71594C2CF5E6}.Release|Any CPU.ActiveCfg = Release|Any CPU
		{0A2C1D15-584E-4764-A3A8-71594C2CF5E6}.Release|Any CPU.Build.0 = Release|Any CPU
		{ABCCA5E7-01DC-491C-BAD4-31ED0C8CEBB5}.Debug|Any CPU.ActiveCfg = Debug|Any CPU
		{ABCCA5E7-01DC-491C-BAD4-31ED0C8CEBB5}.Debug|Any CPU.Build.0 = Debug|Any CPU
		{ABCCA5E7-01DC-491C-BAD4-31ED0C8CEBB5}.Release|Any CPU.ActiveCfg = Release|Any CPU
		{ABCCA5E7-01DC-491C-BAD4-31ED0C8CEBB5}.Release|Any CPU.Build.0 = Release|Any CPU
		{8D818A95-C16B-432F-B138-FC228267E6AF}.Debug|Any CPU.ActiveCfg = Debug|Any CPU
		{8D818A95-C16B-432F-B138-FC228267E6AF}.Debug|Any CPU.Build.0 = Debug|Any CPU
		{8D818A95-C16B-432F-B138-FC228267E6AF}.Release|Any CPU.ActiveCfg = Release|Any CPU
		{8D818A95-C16B-432F-B138-FC228267E6AF}.Release|Any CPU.Build.0 = Release|Any CPU
		{E7AFADD5-192F-43CD-85E0-710F17EB26D8}.Debug|Any CPU.ActiveCfg = Debug|Any CPU
		{E7AFADD5-192F-43CD-85E0-710F17EB26D8}.Debug|Any CPU.Build.0 = Debug|Any CPU
		{E7AFADD5-192F-43CD-85E0-710F17EB26D8}.Release|Any CPU.ActiveCfg = Release|Any CPU
		{E7AFADD5-192F-43CD-85E0-710F17EB26D8}.Release|Any CPU.Build.0 = Release|Any CPU
	EndGlobalSection
	GlobalSection(SolutionProperties) = preSolution
		HideSolutionNode = FALSE
	EndGlobalSection
	GlobalSection(NestedProjects) = preSolution
		{C2AE4033-90E0-4020-9A00-AE0418E00789} = {E171587D-85A8-4FBF-9960-55EADDB655BD}
		{D0AE296B-F275-4ED5-B9B6-7F459E6B9752} = {C2AE4033-90E0-4020-9A00-AE0418E00789}
		{3882680D-21C4-49F9-9DE2-D575205AF766} = {C2AE4033-90E0-4020-9A00-AE0418E00789}
	EndGlobalSection
	GlobalSection(ExtensibilityGlobals) = postSolution
		SolutionGuid = {2D6310D3-72F6-4607-81AA-0995DD78FFF4}
	EndGlobalSection
EndGlobal
